
Microsoft Visual Studio Solution File, Format Version 12.00
# Visual Studio Version 17
VisualStudioVersion = 17.4.33213.308
MinimumVisualStudioVersion = 10.0.40219.1
Project("{2150E333-8FDC-42A3-9474-1A3956D46DE8}") = "src", "src", "{3EEB5A40-A8F3-4F24-9F73-7DBC530CAD00}"
EndProject
Project("{2150E333-8FDC-42A3-9474-1A3956D46DE8}") = "FrontEnd", "FrontEnd", "{97FD2753-1B13-40F8-AC1D-55CFA14DF8F6}"
EndProject
Project("{2150E333-8FDC-42A3-9474-1A3956D46DE8}") = "BackEnd", "BackEnd", "{99640889-4596-40B4-AAC3-1D179CD8B6BF}"
EndProject
Project("{2150E333-8FDC-42A3-9474-1A3956D46DE8}") = "Common", "Common", "{0AABEF86-A2B6-40F5-B2B0-B4B01297E8A0}"
EndProject
Project("{2150E333-8FDC-42A3-9474-1A3956D46DE8}") = "Infraestructure", "Infraestructure", "{9AF52082-A5A2-4DCC-9AA6-C68B0AC8C321}"
EndProject
Project("{2150E333-8FDC-42A3-9474-1A3956D46DE8}") = "Modules", "Modules", "{8C3F717C-0ED7-417C-B637-F4A81A45E4A2}"
EndProject
Project("{9A19103F-16F7-4668-BE54-9A1E7A4F7556}") = "RutaPro.Common.Data", "RutaPro.Common.Data\RutaPro.Common.Data.csproj", "{119C3775-D0C0-4AF3-AA93-FADF8FF98F6E}"
EndProject
Project("{9A19103F-16F7-4668-BE54-9A1E7A4F7556}") = "RutaPro.Infraestructure", "RutaPro.Infraestructure\RutaPro.Infraestructure.csproj", "{5DC9DAF9-B671-4992-818C-BD723516E4C4}"
EndProject
Project("{2150E333-8FDC-42A3-9474-1A3956D46DE8}") = "Ruta Management", "Ruta Management", "{050633F4-844D-4ADB-B179-E5A4D1FAA9F8}"
EndProject
Project("{2150E333-8FDC-42A3-9474-1A3956D46DE8}") = "Apis", "Apis", "{D01D05A8-815A-427E-9C1B-1640FAE9C95C}"
EndProject
Project("{2150E333-8FDC-42A3-9474-1A3956D46DE8}") = "Application", "Application", "{41929768-FD8D-4353-B840-F4A32071B2AB}"
EndProject
Project("{2150E333-8FDC-42A3-9474-1A3956D46DE8}") = "Domain", "Domain", "{50A9B26C-30E5-41A8-8D64-6BDE5CB33D1B}"
EndProject
Project("{2150E333-8FDC-42A3-9474-1A3956D46DE8}") = "Persistence", "Persistence", "{E62DF5DB-3EEC-491A-A6D7-396602F5120B}"
EndProject
Project("{9A19103F-16F7-4668-BE54-9A1E7A4F7556}") = "BusPro.Ruta.Api", "BusPro.Ruta.Api\BusPro.Ruta.Api.csproj", "{9315AA3E-031C-4F86-971F-A9A50533FE96}"
EndProject
Project("{9A19103F-16F7-4668-BE54-9A1E7A4F7556}") = "BusPro.Ruta.Application", "BusPro.Ruta.Application\BusPro.Ruta.Application.csproj", "{31CF647C-AD52-4B6A-A8F9-7AA6EC65226F}"
EndProject
Project("{9A19103F-16F7-4668-BE54-9A1E7A4F7556}") = "BusPro.Ruta.Domain", "BusPro.Ruta.Domain\BusPro.Ruta.Domain.csproj", "{96EB92C6-6BBC-426A-8A90-39B4EF1EA777}"
EndProject
Project("{FAE04EC0-301F-11D3-BF4B-00C04F79EFBC}") = "BusPro.Ruta.Persistance", "BusPro.Ruta.Persistance\BusPro.Ruta.Persistance.csproj", "{288F4241-35B8-4B88-8A97-B342C9B358B3}"
EndProject
Global
	GlobalSection(SolutionConfigurationPlatforms) = preSolution
		Debug|Any CPU = Debug|Any CPU
		Release|Any CPU = Release|Any CPU
	EndGlobalSection
	GlobalSection(ProjectConfigurationPlatforms) = postSolution
		{119C3775-D0C0-4AF3-AA93-FADF8FF98F6E}.Debug|Any CPU.ActiveCfg = Debug|Any CPU
		{119C3775-D0C0-4AF3-AA93-FADF8FF98F6E}.Debug|Any CPU.Build.0 = Debug|Any CPU
		{119C3775-D0C0-4AF3-AA93-FADF8FF98F6E}.Release|Any CPU.ActiveCfg = Release|Any CPU
		{119C3775-D0C0-4AF3-AA93-FADF8FF98F6E}.Release|Any CPU.Build.0 = Release|Any CPU
		{5DC9DAF9-B671-4992-818C-BD723516E4C4}.Debug|Any CPU.ActiveCfg = Debug|Any CPU
		{5DC9DAF9-B671-4992-818C-BD723516E4C4}.Debug|Any CPU.Build.0 = Debug|Any CPU
		{5DC9DAF9-B671-4992-818C-BD723516E4C4}.Release|Any CPU.ActiveCfg = Release|Any CPU
		{5DC9DAF9-B671-4992-818C-BD723516E4C4}.Release|Any CPU.Build.0 = Release|Any CPU
		{9315AA3E-031C-4F86-971F-A9A50533FE96}.Debug|Any CPU.ActiveCfg = Debug|Any CPU
		{9315AA3E-031C-4F86-971F-A9A50533FE96}.Debug|Any CPU.Build.0 = Debug|Any CPU
		{9315AA3E-031C-4F86-971F-A9A50533FE96}.Release|Any CPU.ActiveCfg = Release|Any CPU
		{9315AA3E-031C-4F86-971F-A9A50533FE96}.Release|Any CPU.Build.0 = Release|Any CPU
		{31CF647C-AD52-4B6A-A8F9-7AA6EC65226F}.Debug|Any CPU.ActiveCfg = Debug|Any CPU
		{31CF647C-AD52-4B6A-A8F9-7AA6EC65226F}.Debug|Any CPU.Build.0 = Debug|Any CPU
		{31CF647C-AD52-4B6A-A8F9-7AA6EC65226F}.Release|Any CPU.ActiveCfg = Release|Any CPU
		{31CF647C-AD52-4B6A-A8F9-7AA6EC65226F}.Release|Any CPU.Build.0 = Release|Any CPU
		{96EB92C6-6BBC-426A-8A90-39B4EF1EA777}.Debug|Any CPU.ActiveCfg = Debug|Any CPU
		{96EB92C6-6BBC-426A-8A90-39B4EF1EA777}.Debug|Any CPU.Build.0 = Debug|Any CPU
		{96EB92C6-6BBC-426A-8A90-39B4EF1EA777}.Release|Any CPU.ActiveCfg = Release|Any CPU
		{96EB92C6-6BBC-426A-8A90-39B4EF1EA777}.Release|Any CPU.Build.0 = Release|Any CPU
		{288F4241-35B8-4B88-8A97-B342C9B358B3}.Debug|Any CPU.ActiveCfg = Debug|Any CPU
		{288F4241-35B8-4B88-8A97-B342C9B358B3}.Debug|Any CPU.Build.0 = Debug|Any CPU
		{288F4241-35B8-4B88-8A97-B342C9B358B3}.Release|Any CPU.ActiveCfg = Release|Any CPU
		{288F4241-35B8-4B88-8A97-B342C9B358B3}.Release|Any CPU.Build.0 = Release|Any CPU
	EndGlobalSection
	GlobalSection(SolutionProperties) = preSolution
		HideSolutionNode = FALSE
	EndGlobalSection
	GlobalSection(NestedProjects) = preSolution
		{97FD2753-1B13-40F8-AC1D-55CFA14DF8F6} = {3EEB5A40-A8F3-4F24-9F73-7DBC530CAD00}
		{99640889-4596-40B4-AAC3-1D179CD8B6BF} = {3EEB5A40-A8F3-4F24-9F73-7DBC530CAD00}
		{0AABEF86-A2B6-40F5-B2B0-B4B01297E8A0} = {99640889-4596-40B4-AAC3-1D179CD8B6BF}
		{9AF52082-A5A2-4DCC-9AA6-C68B0AC8C321} = {99640889-4596-40B4-AAC3-1D179CD8B6BF}
		{8C3F717C-0ED7-417C-B637-F4A81A45E4A2} = {99640889-4596-40B4-AAC3-1D179CD8B6BF}
		{119C3775-D0C0-4AF3-AA93-FADF8FF98F6E} = {0AABEF86-A2B6-40F5-B2B0-B4B01297E8A0}
		{5DC9DAF9-B671-4992-818C-BD723516E4C4} = {9AF52082-A5A2-4DCC-9AA6-C68B0AC8C321}
		{050633F4-844D-4ADB-B179-E5A4D1FAA9F8} = {8C3F717C-0ED7-417C-B637-F4A81A45E4A2}
		{D01D05A8-815A-427E-9C1B-1640FAE9C95C} = {050633F4-844D-4ADB-B179-E5A4D1FAA9F8}
		{41929768-FD8D-4353-B840-F4A32071B2AB} = {050633F4-844D-4ADB-B179-E5A4D1FAA9F8}
		{50A9B26C-30E5-41A8-8D64-6BDE5CB33D1B} = {050633F4-844D-4ADB-B179-E5A4D1FAA9F8}
		{E62DF5DB-3EEC-491A-A6D7-396602F5120B} = {050633F4-844D-4ADB-B179-E5A4D1FAA9F8}
		{9315AA3E-031C-4F86-971F-A9A50533FE96} = {D01D05A8-815A-427E-9C1B-1640FAE9C95C}
		{31CF647C-AD52-4B6A-A8F9-7AA6EC65226F} = {41929768-FD8D-4353-B840-F4A32071B2AB}
		{96EB92C6-6BBC-426A-8A90-39B4EF1EA777} = {50A9B26C-30E5-41A8-8D64-6BDE5CB33D1B}
		{288F4241-35B8-4B88-8A97-B342C9B358B3} = {E62DF5DB-3EEC-491A-A6D7-396602F5120B}
	EndGlobalSection
	GlobalSection(ExtensibilityGlobals) = postSolution
		SolutionGuid = {234DF3D4-6EC9-4C03-BBAB-0D7CEC992500}
	EndGlobalSection
EndGlobal
